
Microsoft Visual Studio Solution File, Format Version 12.00
# Visual Studio 15
VisualStudioVersion = 15.0.28307.572
MinimumVisualStudioVersion = 10.0.40219.1
Project("{FAE04EC0-301F-11D3-BF4B-00C04F79EFBC}") = "XFValidationApp1.Android", "XFValidationApp1\XFValidationApp1.Android\XFValidationApp1.Android.csproj", "{24CE3C36-16B9-426D-AA0C-5961ECF8D88C}"
EndProject
Project("{FAE04EC0-301F-11D3-BF4B-00C04F79EFBC}") = "XFValidationApp1.iOS", "XFValidationApp1\XFValidationApp1.iOS\XFValidationApp1.iOS.csproj", "{7F1AC118-14FF-4E24-9121-8687A526CD20}"
EndProject
Project("{FAE04EC0-301F-11D3-BF4B-00C04F79EFBC}") = "XFValidationApp1.UWP", "XFValidationApp1\XFValidationApp1.UWP\XFValidationApp1.UWP.csproj", "{A231AB70-6A23-47B3-9621-702087321D75}"
EndProject
Project("{FAE04EC0-301F-11D3-BF4B-00C04F79EFBC}") = "XFValidationApp1", "XFValidationApp1\XFValidationApp1\XFValidationApp1.csproj", "{8AD612E6-914D-475C-9354-7FF539E248A0}"
EndProject
Global
	GlobalSection(SolutionConfigurationPlatforms) = preSolution
		Debug|Any CPU = Debug|Any CPU
		Debug|ARM = Debug|ARM
		Debug|iPhone = Debug|iPhone
		Debug|iPhoneSimulator = Debug|iPhoneSimulator
		Debug|x64 = Debug|x64
		Debug|x86 = Debug|x86
		Release|Any CPU = Release|Any CPU
		Release|ARM = Release|ARM
		Release|iPhone = Release|iPhone
		Release|iPhoneSimulator = Release|iPhoneSimulator
		Release|x64 = Release|x64
		Release|x86 = Release|x86
	EndGlobalSection
	GlobalSection(ProjectConfigurationPlatforms) = postSolution
		{24CE3C36-16B9-426D-AA0C-5961ECF8D88C}.Debug|Any CPU.ActiveCfg = Debug|Any CPU
		{24CE3C36-16B9-426D-AA0C-5961ECF8D88C}.Debug|Any CPU.Build.0 = Debug|Any CPU
		{24CE3C36-16B9-426D-AA0C-5961ECF8D88C}.Debug|Any CPU.Deploy.0 = Debug|Any CPU
		{24CE3C36-16B9-426D-AA0C-5961ECF8D88C}.Debug|ARM.ActiveCfg = Debug|Any CPU
		{24CE3C36-16B9-426D-AA0C-5961ECF8D88C}.Debug|ARM.Build.0 = Debug|Any CPU
		{24CE3C36-16B9-426D-AA0C-5961ECF8D88C}.Debug|ARM.Deploy.0 = Debug|Any CPU
		{24CE3C36-16B9-426D-AA0C-5961ECF8D88C}.Debug|iPhone.ActiveCfg = Debug|Any CPU
		{24CE3C36-16B9-426D-AA0C-5961ECF8D88C}.Debug|iPhone.Build.0 = Debug|Any CPU
		{24CE3C36-16B9-426D-AA0C-5961ECF8D88C}.Debug|iPhone.Deploy.0 = Debug|Any CPU
		{24CE3C36-16B9-426D-AA0C-5961ECF8D88C}.Debug|iPhoneSimulator.ActiveCfg = Debug|Any CPU
		{24CE3C36-16B9-426D-AA0C-5961ECF8D88C}.Debug|iPhoneSimulator.Build.0 = Debug|Any CPU
		{24CE3C36-16B9-426D-AA0C-5961ECF8D88C}.Debug|iPhoneSimulator.Deploy.0 = Debug|Any CPU
		{24CE3C36-16B9-426D-AA0C-5961ECF8D88C}.Debug|x64.ActiveCfg = Debug|Any CPU
		{24CE3C36-16B9-426D-AA0C-5961ECF8D88C}.Debug|x64.Build.0 = Debug|Any CPU
		{24CE3C36-16B9-426D-AA0C-5961ECF8D88C}.Debug|x64.Deploy.0 = Debug|Any CPU
		{24CE3C36-16B9-426D-AA0C-5961ECF8D88C}.Debug|x86.ActiveCfg = Debug|Any CPU
		{24CE3C36-16B9-426D-AA0C-5961ECF8D88C}.Debug|x86.Build.0 = Debug|Any CPU
		{24CE3C36-16B9-426D-AA0C-5961ECF8D88C}.Debug|x86.Deploy.0 = Debug|Any CPU
		{24CE3C36-16B9-426D-AA0C-5961ECF8D88C}.Release|Any CPU.ActiveCfg = Release|Any CPU
		{24CE3C36-16B9-426D-AA0C-5961ECF8D88C}.Release|Any CPU.Build.0 = Release|Any CPU
		{24CE3C36-16B9-426D-AA0C-5961ECF8D88C}.Release|Any CPU.Deploy.0 = Release|Any CPU
		{24CE3C36-16B9-426D-AA0C-5961ECF8D88C}.Release|ARM.ActiveCfg = Release|Any CPU
		{24CE3C36-16B9-426D-AA0C-5961ECF8D88C}.Release|ARM.Build.0 = Release|Any CPU
		{24CE3C36-16B9-426D-AA0C-5961ECF8D88C}.Release|ARM.Deploy.0 = Release|Any CPU
		{24CE3C36-16B9-426D-AA0C-5961ECF8D88C}.Release|iPhone.ActiveCfg = Release|Any CPU
		{24CE3C36-16B9-426D-AA0C-5961ECF8D88C}.Release|iPhone.Build.0 = Release|Any CPU
		{24CE3C36-16B9-426D-AA0C-5961ECF8D88C}.Release|iPhone.Deploy.0 = Release|Any CPU
		{24CE3C36-16B9-426D-AA0C-5961ECF8D88C}.Release|iPhoneSimulator.ActiveCfg = Release|Any CPU
		{24CE3C36-16B9-426D-AA0C-5961ECF8D88C}.Release|iPhoneSimulator.Build.0 = Release|Any CPU
		{24CE3C36-16B9-426D-AA0C-5961ECF8D88C}.Release|iPhoneSimulator.Deploy.0 = Release|Any CPU
		{24CE3C36-16B9-426D-AA0C-5961ECF8D88C}.Release|x64.ActiveCfg = Release|Any CPU
		{24CE3C36-16B9-426D-AA0C-5961ECF8D88C}.Release|x64.Build.0 = Release|Any CPU
		{24CE3C36-16B9-426D-AA0C-5961ECF8D88C}.Release|x64.Deploy.0 = Release|Any CPU
		{24CE3C36-16B9-426D-AA0C-5961ECF8D88C}.Release|x86.ActiveCfg = Release|Any CPU
		{24CE3C36-16B9-426D-AA0C-5961ECF8D88C}.Release|x86.Build.0 = Release|Any CPU
		{24CE3C36-16B9-426D-AA0C-5961ECF8D88C}.Release|x86.Deploy.0 = Release|Any CPU
		{7F1AC118-14FF-4E24-9121-8687A526CD20}.Debug|Any CPU.ActiveCfg = Debug|iPhoneSimulator
		{7F1AC118-14FF-4E24-9121-8687A526CD20}.Debug|Any CPU.Build.0 = Debug|iPhoneSimulator
		{7F1AC118-14FF-4E24-9121-8687A526CD20}.Debug|Any CPU.Deploy.0 = Debug|iPhoneSimulator
		{7F1AC118-14FF-4E24-9121-8687A526CD20}.Debug|ARM.ActiveCfg = Debug|iPhone
		{7F1AC118-14FF-4E24-9121-8687A526CD20}.Debug|ARM.Build.0 = Debug|iPhone
		{7F1AC118-14FF-4E24-9121-8687A526CD20}.Debug|ARM.Deploy.0 = Debug|iPhone
		{7F1AC118-14FF-4E24-9121-8687A526CD20}.Debug|iPhone.ActiveCfg = Debug|iPhone
		{7F1AC118-14FF-4E24-9121-8687A526CD20}.Debug|iPhone.Build.0 = Debug|iPhone
		{7F1AC118-14FF-4E24-9121-8687A526CD20}.Debug|iPhone.Deploy.0 = Debug|iPhone
		{7F1AC118-14FF-4E24-9121-8687A526CD20}.Debug|iPhoneSimulator.ActiveCfg = Debug|iPhoneSimulator
		{7F1AC118-14FF-4E24-9121-8687A526CD20}.Debug|iPhoneSimulator.Build.0 = Debug|iPhoneSimulator
		{7F1AC118-14FF-4E24-9121-8687A526CD20}.Debug|iPhoneSimulator.Deploy.0 = Debug|iPhoneSimulator
		{7F1AC118-14FF-4E24-9121-8687A526CD20}.Debug|x64.ActiveCfg = Debug|iPhone
		{7F1AC118-14FF-4E24-9121-8687A526CD20}.Debug|x64.Build.0 = Debug|iPhone
		{7F1AC118-14FF-4E24-9121-8687A526CD20}.Debug|x64.Deploy.0 = Debug|iPhone
		{7F1AC118-14FF-4E24-9121-8687A526CD20}.Debug|x86.ActiveCfg = Debug|iPhone
		{7F1AC118-14FF-4E24-9121-8687A526CD20}.Debug|x86.Build.0 = Debug|iPhone
		{7F1AC118-14FF-4E24-9121-8687A526CD20}.Debug|x86.Deploy.0 = Debug|iPhone
		{7F1AC118-14FF-4E24-9121-8687A526CD20}.Release|Any CPU.ActiveCfg = Release|iPhone
		{7F1AC118-14FF-4E24-9121-8687A526CD20}.Release|Any CPU.Build.0 = Release|iPhone
		{7F1AC118-14FF-4E24-9121-8687A526CD20}.Release|Any CPU.Deploy.0 = Release|iPhone
		{7F1AC118-14FF-4E24-9121-8687A526CD20}.Release|ARM.ActiveCfg = Release|iPhone
		{7F1AC118-14FF-4E24-9121-8687A526CD20}.Release|ARM.Build.0 = Release|iPhone
		{7F1AC118-14FF-4E24-9121-8687A526CD20}.Release|ARM.Deploy.0 = Release|iPhone
		{7F1AC118-14FF-4E24-9121-8687A526CD20}.Release|iPhone.ActiveCfg = Release|iPhone
		{7F1AC118-14FF-4E24-9121-8687A526CD20}.Release|iPhone.Build.0 = Release|iPhone
		{7F1AC118-14FF-4E24-9121-8687A526CD20}.Release|iPhone.Deploy.0 = Release|iPhone
		{7F1AC118-14FF-4E24-9121-8687A526CD20}.Release|iPhoneSimulator.ActiveCfg = Release|iPhoneSimulator
		{7F1AC118-14FF-4E24-9121-8687A526CD20}.Release|iPhoneSimulator.Build.0 = Release|iPhoneSimulator
		{7F1AC118-14FF-4E24-9121-8687A526CD20}.Release|iPhoneSimulator.Deploy.0 = Release|iPhoneSimulator
		{7F1AC118-14FF-4E24-9121-8687A526CD20}.Release|x64.ActiveCfg = Release|iPhone
		{7F1AC118-14FF-4E24-9121-8687A526CD20}.Release|x64.Build.0 = Release|iPhone
		{7F1AC118-14FF-4E24-9121-8687A526CD20}.Release|x64.Deploy.0 = Release|iPhone
		{7F1AC118-14FF-4E24-9121-8687A526CD20}.Release|x86.ActiveCfg = Release|iPhone
		{7F1AC118-14FF-4E24-9121-8687A526CD20}.Release|x86.Build.0 = Release|iPhone
		{7F1AC118-14FF-4E24-9121-8687A526CD20}.Release|x86.Deploy.0 = Release|iPhone
		{A231AB70-6A23-47B3-9621-702087321D75}.Debug|Any CPU.ActiveCfg = Debug|x86
		{A231AB70-6A23-47B3-9621-702087321D75}.Debug|Any CPU.Build.0 = Debug|x86
		{A231AB70-6A23-47B3-9621-702087321D75}.Debug|Any CPU.Deploy.0 = Debug|x86
		{A231AB70-6A23-47B3-9621-702087321D75}.Debug|ARM.ActiveCfg = Debug|ARM
		{A231AB70-6A23-47B3-9621-702087321D75}.Debug|ARM.Build.0 = Debug|ARM
		{A231AB70-6A23-47B3-9621-702087321D75}.Debug|ARM.Deploy.0 = Debug|ARM
		{A231AB70-6A23-47B3-9621-702087321D75}.Debug|iPhone.ActiveCfg = Debug|x86
		{A231AB70-6A23-47B3-9621-702087321D75}.Debug|iPhone.Build.0 = Debug|x86
		{A231AB70-6A23-47B3-9621-702087321D75}.Debug|iPhone.Deploy.0 = Debug|x86
		{A231AB70-6A23-47B3-9621-702087321D75}.Debug|iPhoneSimulator.ActiveCfg = Debug|x86
		{A231AB70-6A23-47B3-9621-702087321D75}.Debug|iPhoneSimulator.Build.0 = Debug|x86
		{A231AB70-6A23-47B3-9621-702087321D75}.Debug|iPhoneSimulator.Deploy.0 = Debug|x86
		{A231AB70-6A23-47B3-9621-702087321D75}.Debug|x64.ActiveCfg = Debug|x64
		{A231AB70-6A23-47B3-9621-702087321D75}.Debug|x64.Build.0 = Debug|x64
		{A231AB70-6A23-47B3-9621-702087321D75}.Debug|x64.Deploy.0 = Debug|x64
		{A231AB70-6A23-47B3-9621-702087321D75}.Debug|x86.ActiveCfg = Debug|x86
		{A231AB70-6A23-47B3-9621-702087321D75}.Debug|x86.Build.0 = Debug|x86
		{A231AB70-6A23-47B3-9621-702087321D75}.Debug|x86.Deploy.0 = Debug|x86
		{A231AB70-6A23-47B3-9621-702087321D75}.Release|Any CPU.ActiveCfg = Release|x86
		{A231AB70-6A23-47B3-9621-702087321D75}.Release|Any CPU.Build.0 = Release|x86
		{A231AB70-6A23-47B3-9621-702087321D75}.Release|Any CPU.Deploy.0 = Release|x86
		{A231AB70-6A23-47B3-9621-702087321D75}.Release|ARM.ActiveCfg = Release|ARM
		{A231AB70-6A23-47B3-9621-702087321D75}.Release|ARM.Build.0 = Release|ARM
		{A231AB70-6A23-47B3-9621-702087321D75}.Release|ARM.Deploy.0 = Release|ARM
		{A231AB70-6A23-47B3-9621-702087321D75}.Release|iPhone.ActiveCfg = Release|x86
		{A231AB70-6A23-47B3-9621-702087321D75}.Release|iPhone.Build.0 = Release|x86
		{A231AB70-6A23-47B3-9621-702087321D75}.Release|iPhone.Deploy.0 = Release|x86
		{A231AB70-6A23-47B3-9621-702087321D75}.Release|iPhoneSimulator.ActiveCfg = Release|x86
		{A231AB70-6A23-47B3-9621-702087321D75}.Release|iPhoneSimulator.Build.0 = Release|x86
		{A231AB70-6A23-47B3-9621-702087321D75}.Release|iPhoneSimulator.Deploy.0 = Release|x86
		{A231AB70-6A23-47B3-9621-702087321D75}.Release|x64.ActiveCfg = Release|x64
		{A231AB70-6A23-47B3-9621-702087321D75}.Release|x64.Build.0 = Release|x64
		{A231AB70-6A23-47B3-9621-702087321D75}.Release|x64.Deploy.0 = Release|x64
		{A231AB70-6A23-47B3-9621-702087321D75}.Release|x86.ActiveCfg = Release|x86
		{A231AB70-6A23-47B3-9621-702087321D75}.Release|x86.Build.0 = Release|x86
		{A231AB70-6A23-47B3-9621-702087321D75}.Release|x86.Deploy.0 = Release|x86
		{8AD612E6-914D-475C-9354-7FF539E248A0}.Debug|Any CPU.ActiveCfg = Debug|Any CPU
		{8AD612E6-914D-475C-9354-7FF539E248A0}.Debug|Any CPU.Build.0 = Debug|Any CPU
		{8AD612E6-914D-475C-9354-7FF539E248A0}.Debug|Any CPU.Deploy.0 = Debug|Any CPU
		{8AD612E6-914D-475C-9354-7FF539E248A0}.Debug|ARM.ActiveCfg = Debug|Any CPU
		{8AD612E6-914D-475C-9354-7FF539E248A0}.Debug|ARM.Build.0 = Debug|Any CPU
		{8AD612E6-914D-475C-9354-7FF539E248A0}.Debug|ARM.Deploy.0 = Debug|Any CPU
		{8AD612E6-914D-475C-9354-7FF539E248A0}.Debug|iPhone.ActiveCfg = Debug|Any CPU
		{8AD612E6-914D-475C-9354-7FF539E248A0}.Debug|iPhone.Build.0 = Debug|Any CPU
		{8AD612E6-914D-475C-9354-7FF539E248A0}.Debug|iPhone.Deploy.0 = Debug|Any CPU
		{8AD612E6-914D-475C-9354-7FF539E248A0}.Debug|iPhoneSimulator.ActiveCfg = Debug|Any CPU
		{8AD612E6-914D-475C-9354-7FF539E248A0}.Debug|iPhoneSimulator.Build.0 = Debug|Any CPU
		{8AD612E6-914D-475C-9354-7FF539E248A0}.Debug|iPhoneSimulator.Deploy.0 = Debug|Any CPU
		{8AD612E6-914D-475C-9354-7FF539E248A0}.Debug|x64.ActiveCfg = Debug|Any CPU
		{8AD612E6-914D-475C-9354-7FF539E248A0}.Debug|x64.Build.0 = Debug|Any CPU
		{8AD612E6-914D-475C-9354-7FF539E248A0}.Debug|x64.Deploy.0 = Debug|Any CPU
		{8AD612E6-914D-475C-9354-7FF539E248A0}.Debug|x86.ActiveCfg = Debug|Any CPU
		{8AD612E6-914D-475C-9354-7FF539E248A0}.Debug|x86.Build.0 = Debug|Any CPU
		{8AD612E6-914D-475C-9354-7FF539E248A0}.Debug|x86.Deploy.0 = Debug|Any CPU
		{8AD612E6-914D-475C-9354-7FF539E248A0}.Release|Any CPU.ActiveCfg = Release|Any CPU
		{8AD612E6-914D-475C-9354-7FF539E248A0}.Release|Any CPU.Build.0 = Release|Any CPU
		{8AD612E6-914D-475C-9354-7FF539E248A0}.Release|Any CPU.Deploy.0 = Release|Any CPU
		{8AD612E6-914D-475C-9354-7FF539E248A0}.Release|ARM.ActiveCfg = Release|Any CPU
		{8AD612E6-914D-475C-9354-7FF539E248A0}.Release|ARM.Build.0 = Release|Any CPU
		{8AD612E6-914D-475C-9354-7FF539E248A0}.Release|ARM.Deploy.0 = Release|Any CPU
		{8AD612E6-914D-475C-9354-7FF539E248A0}.Release|iPhone.ActiveCfg = Release|Any CPU
		{8AD612E6-914D-475C-9354-7FF539E248A0}.Release|iPhone.Build.0 = Release|Any CPU
		{8AD612E6-914D-475C-9354-7FF539E248A0}.Release|iPhone.Deploy.0 = Release|Any CPU
		{8AD612E6-914D-475C-9354-7FF539E248A0}.Release|iPhoneSimulator.ActiveCfg = Release|Any CPU
		{8AD612E6-914D-475C-9354-7FF539E248A0}.Release|iPhoneSimulator.Build.0 = Release|Any CPU
		{8AD612E6-914D-475C-9354-7FF539E248A0}.Release|iPhoneSimulator.Deploy.0 = Release|Any CPU
		{8AD612E6-914D-475C-9354-7FF539E248A0}.Release|x64.ActiveCfg = Release|Any CPU
		{8AD612E6-914D-475C-9354-7FF539E248A0}.Release|x64.Build.0 = Release|Any CPU
		{8AD612E6-914D-475C-9354-7FF539E248A0}.Release|x64.Deploy.0 = Release|Any CPU
		{8AD612E6-914D-475C-9354-7FF539E248A0}.Release|x86.ActiveCfg = Release|Any CPU
		{8AD612E6-914D-475C-9354-7FF539E248A0}.Release|x86.Build.0 = Release|Any CPU
		{8AD612E6-914D-475C-9354-7FF539E248A0}.Release|x86.Deploy.0 = Release|Any CPU
	EndGlobalSection
	GlobalSection(SolutionProperties) = preSolution
		HideSolutionNode = FALSE
	EndGlobalSection
	GlobalSection(ExtensibilityGlobals) = postSolution
		SolutionGuid = {CA6CBB1F-48B0-4272-ABDD-E59A9E22EA17}
	EndGlobalSection
EndGlobal
